<?xml version="1.0" encoding="utf-8"?>
<Project ToolsVersion="Current" xmlns="http://schemas.microsoft.com/developer/msbuild/2003">
  <ItemGroup>
    <ClInclude Include="include\PlayerStatsManager.h">
      <Filter>include</Filter>
    </ClInclude>
    <ClInclude Include="include\PopUpWriter.h">
      <Filter>include</Filter>
    </ClInclude>
    <ClInclude Include="include\City View\BuildingUI.h">
      <Filter>include\UI</Filter>
    </ClInclude>
    <ClInclude Include="include\City View\Buttons.h">
      <Filter>include\UI</Filter>
    </ClInclude>
    <ClInclude Include="include\City View\castleUI.h">
      <Filter>include\UI</Filter>
    </ClInclude>
    <ClInclude Include="include\Menu\Menu.h">
      <Filter>include\UI</Filter>
    </ClInclude>
    <ClInclude Include="include\PickAndBan.h">
      <Filter>include\UI</Filter>
    </ClInclude>
    <ClInclude Include="include\City View\Ui.h">
      <Filter>include\UI</Filter>
    </ClInclude>
    <ClInclude Include="include\City View\UISelectable.h">
      <Filter>include\UI</Filter>
    </ClInclude>
    <ClInclude Include="include\TitleScreen.h">
      <Filter>include\UI</Filter>
    </ClInclude>
    <ClInclude Include="include\Map\WorldMap.h">
      <Filter>include\Map</Filter>
    </ClInclude>
    <ClInclude Include="include\Battle\ArmyManager.h">
      <Filter>include\Battle</Filter>
    </ClInclude>
    <ClInclude Include="include\Battle\Battle.h">
      <Filter>include\Battle</Filter>
    </ClInclude>
    <ClInclude Include="include\Battle\EnemyAI.h">
      <Filter>include\Battle</Filter>
    </ClInclude>
    <ClInclude Include="include\Battle\Healer.h">
      <Filter>include\Battle</Filter>
    </ClInclude>
    <ClInclude Include="include\Battle\HealthManager.h">
      <Filter>include\Battle</Filter>
    </ClInclude>
    <ClInclude Include="include\Battle\HookSquad.h">
      <Filter>include\Battle</Filter>
    </ClInclude>
    <ClInclude Include="include\Battle\SpearSquad.h">
      <Filter>include\Battle</Filter>
    </ClInclude>
    <ClInclude Include="include\Battle\Squad.h">
      <Filter>include\Battle</Filter>
    </ClInclude>
    <ClInclude Include="include\Battle\squad_data.h">
      <Filter>include\Battle</Filter>
    </ClInclude>
    <ClInclude Include="include\Battle\squad_manager.h">
      <Filter>include\Battle</Filter>
    </ClInclude>
    <ClInclude Include="include\CityView\Archery.h">
      <Filter>include\Building</Filter>
    </ClInclude>
    <ClInclude Include="include\CityView\ArmyCamp.h">
      <Filter>include\Building</Filter>
    </ClInclude>
    <ClInclude Include="include\CityView\Bridge.h">
      <Filter>include\Building</Filter>
    </ClInclude>
    <ClInclude Include="include\CityView\Building.h">
      <Filter>include\Building</Filter>
    </ClInclude>
    <ClInclude Include="include\CityView\BuildingUI.h">
      <Filter>include\Building</Filter>
    </ClInclude>
    <ClInclude Include="include\CityView\Buttons.h">
      <Filter>include\Building</Filter>
    </ClInclude>
    <ClInclude Include="include\CityView\Castle.h">
      <Filter>include\Building</Filter>
    </ClInclude>
    <ClInclude Include="include\CityView\castleUI.h">
      <Filter>include\Building</Filter>
    </ClInclude>
    <ClInclude Include="include\CityView\Shop.h">
      <Filter>include\Building</Filter>
    </ClInclude>
    <ClInclude Include="include\CityView\Street.h">
      <Filter>include\Building</Filter>
    </ClInclude>
    <ClInclude Include="include\CityView\Tile.h">
      <Filter>include\Building</Filter>
    </ClInclude>
    <ClInclude Include="include\CityView\Ui.h">
      <Filter>include\Building</Filter>
    </ClInclude>
    <ClInclude Include="include\CityView\UISelectable.h">
      <Filter>include\Building</Filter>
    </ClInclude>
    <ClInclude Include="include\CityView\WorldBuilding.h">
      <Filter>include\Building</Filter>
    </ClInclude>
    <ClInclude Include="include\Main\ConfigManager.h">
      <Filter>include\Main</Filter>
    </ClInclude>
    <ClInclude Include="include\Main\defines.h">
      <Filter>include\Main</Filter>
    </ClInclude>
    <ClInclude Include="include\Main\Engine.h">
      <Filter>include\Main</Filter>
    </ClInclude>
    <ClInclude Include="include\Main\FPSManager.h">
      <Filter>include\Main</Filter>
    </ClInclude>
    <ClInclude Include="include\Main\SoundManager.h">
      <Filter>include\Main</Filter>
    </ClInclude>
    <ClInclude Include="include\Main\World.h">
      <Filter>include\Main</Filter>
    </ClInclude>
    <ClInclude Include="include\Map\City.h">
      <Filter>include\Map</Filter>
    </ClInclude>
    <ClInclude Include="include\CityView\Barracks.h" />
  </ItemGroup>
  <ItemGroup>
    <Image Include="img\arrow.bmp">
      <Filter>img</Filter>
    </Image>
    <Image Include="img\attackTile.bmp">
      <Filter>img</Filter>
    </Image>
    <Image Include="img\Back_Button.bmp">
      <Filter>img</Filter>
    </Image>
    <Image Include="img\BackgroundMap.bmp">
      <Filter>img</Filter>
    </Image>
    <Image Include="img\Archery_Selectable.bmp">
      <Filter>img</Filter>
    </Image>
    <Image Include="img\Archery_selected.bmp">
      <Filter>img</Filter>
    </Image>
    <Image Include="img\ArmyCamp.bmp">
      <Filter>img</Filter>
    </Image>
    <Image Include="img\Archery.bmp">
      <Filter>img</Filter>
    </Image>
    <Image Include="img\archer.bmp">
      <Filter>img</Filter>
    </Image>
    <Image Include="img\BuildIndicator_Castle.bmp">
      <Filter>img</Filter>
    </Image>
    <Image Include="img\Battle_Button.bmp">
      <Filter>img</Filter>
    </Image>
    <Image Include="img\Castle.bmp">
      <Filter>img</Filter>
    </Image>
    <Image Include="img\Castle_3.bmp">
      <Filter>img</Filter>
    </Image>
    <Image Include="img\Castle_Selectable.bmp">
      <Filter>img</Filter>
    </Image>
    <Image Include="img\city_city-army.bmp">
      <Filter>img</Filter>
    </Image>
    <Image Include="img\city_city-stats.bmp">
      <Filter>img</Filter>
    </Image>
    <Image Include="img\cityBackground.bmp">
      <Filter>img</Filter>
    </Image>
    <Image Include="img\city_create-army.bmp">
      <Filter>img</Filter>
    </Image>
    <Image Include="img\CreateSquadButton.bmp">
      <Filter>img</Filter>
    </Image>
    <Image Include="img\createSquadWindow.bmp">
      <Filter>img</Filter>
    </Image>
    <Image Include="img\crossbowmen.bmp">
      <Filter>img</Filter>
    </Image>
    <Image Include="img\DamageIndicator_Castle.bmp">
      <Filter>img</Filter>
    </Image>
    <Image Include="img\cursor.bmp">
      <Filter>img</Filter>
    </Image>
    <Image Include="img\Desert.bmp">
      <Filter>img</Filter>
    </Image>
    <Image Include="img\Grass.bmp">
      <Filter>img</Filter>
    </Image>
    <Image Include="img\Forest.bmp">
      <Filter>img</Filter>
    </Image>
    <Image Include="img\Exit_Button.bmp">
      <Filter>img</Filter>
    </Image>
    <Image Include="img\HealthBarEmpty.bmp">
      <Filter>img</Filter>
    </Image>
    <Image Include="img\HealthBarFill.bmp">
      <Filter>img</Filter>
    </Image>
    <Image Include="img\Hexagon.bmp">
      <Filter>img</Filter>
    </Image>
    <Image Include="img\horseman.bmp">
      <Filter>img</Filter>
    </Image>
    <Image Include="img\Inventory.bmp">
      <Filter>img</Filter>
    </Image>
    <Image Include="img\knights.bmp">
      <Filter>img</Filter>
    </Image>
    <Image Include="img\Lava.bmp">
      <Filter>img</Filter>
    </Image>
    <Image Include="img\Map1.bmp">
      <Filter>img</Filter>
    </Image>
    <Image Include="img\Map1Pick.bmp">
      <Filter>img</Filter>
    </Image>
    <Image Include="img\Map2.bmp">
      <Filter>img</Filter>
    </Image>
    <Image Include="img\Map2Pick.bmp">
      <Filter>img</Filter>
    </Image>
    <Image Include="img\Map3.bmp">
      <Filter>img</Filter>
    </Image>
    <Image Include="img\Map3Pick.bmp">
      <Filter>img</Filter>
    </Image>
    <Image Include="img\Map4.bmp">
      <Filter>img</Filter>
    </Image>
    <Image Include="img\Map4Pick.bmp">
      <Filter>img</Filter>
    </Image>
    <Image Include="img\Menu_Button.bmp">
      <Filter>img</Filter>
    </Image>
    <Image Include="img\Mountain.bmp">
      <Filter>img</Filter>
    </Image>
    <Image Include="img\NiTe_logo.bmp">
      <Filter>img</Filter>
    </Image>
    <Image Include="img\NiTe_logo_backup.bmp">
      <Filter>img</Filter>
    </Image>
    <Image Include="img\Options_Button.bmp">
      <Filter>img</Filter>
    </Image>
    <Image Include="img\pickAndBanBackground.bmp">
      <Filter>img</Filter>
    </Image>
    <Image Include="img\Play_Button.bmp">
      <Filter>img</Filter>
    </Image>
    <Image Include="img\popup.bmp">
      <Filter>img</Filter>
    </Image>
    <Image Include="img\selected.bmp">
      <Filter>img</Filter>
    </Image>
    <Image Include="img\selected1.bmp">
      <Filter>img</Filter>
    </Image>
    <Image Include="img\selected2.bmp">
      <Filter>img</Filter>
    </Image>
    <Image Include="img\selectedCastle.bmp">
      <Filter>img</Filter>
    </Image>
    <Image Include="img\Shop.bmp">
      <Filter>img</Filter>
    </Image>
    <Image Include="img\Shop_selected.bmp">
      <Filter>img</Filter>
    </Image>
    <Image Include="img\Shop_Selectable.bmp">
      <Filter>img</Filter>
    </Image>
    <Image Include="img\skip_btn_fill.bmp">
      <Filter>img</Filter>
    </Image>
    <Image Include="img\skip_btn_trans.bmp">
      <Filter>img</Filter>
    </Image>
    <Image Include="img\slot.bmp">
      <Filter>img</Filter>
    </Image>
    <Image Include="img\spearmen.bmp">
      <Filter>img</Filter>
    </Image>
    <Image Include="img\Stone.bmp">
      <Filter>img</Filter>
    </Image>
    <Image Include="img\Street.bmp">
      <Filter>img</Filter>
    </Image>
    <Image Include="img\Street_Selectable2.bmp">
      <Filter>img</Filter>
    </Image>
    <Image Include="img\Street_Selectable.bmp">
      <Filter>img</Filter>
    </Image>
    <Image Include="img\Street_selected.bmp">
      <Filter>img</Filter>
    </Image>
    <Image Include="img\UI.bmp">
      <Filter>img</Filter>
    </Image>
    <Image Include="img\UI_2.bmp">
      <Filter>img</Filter>
    </Image>
    <Image Include="img\UI_Menu.bmp">
      <Filter>img</Filter>
    </Image>
    <Image Include="img\UI_tryout.bmp">
      <Filter>img</Filter>
    </Image>
    <Image Include="img\UI-1.bmp">
      <Filter>img</Filter>
    </Image>
    <Image Include="img\UISelectable.bmp">
      <Filter>img</Filter>
    </Image>
    <Image Include="img\Volcano.bmp">
      <Filter>img</Filter>
    </Image>
    <Image Include="img\warrior.bmp">
      <Filter>img</Filter>
    </Image>
    <Image Include="img\Water.bmp">
      <Filter>img</Filter>
    </Image>
    <Image Include="img\UISelectable_selected.bmp">
      <Filter>img</Filter>
    </Image>
  </ItemGroup>
  <ItemGroup>
    <Text Include="config\Squads\archer.txt">
      <Filter>config</Filter>
    </Text>
    <Text Include="config\Buildings\archery.txt">
      <Filter>config</Filter>
    </Text>
    <Text Include="config\Buildings\army_camp.txt">
      <Filter>config</Filter>
    </Text>
    <Text Include="config\Buildings\bridge.txt">
      <Filter>config</Filter>
    </Text>
    <Text Include="config\buildings.txt">
      <Filter>config</Filter>
    </Text>
    <Text Include="config\Buttons\buttons_building.txt">
      <Filter>config</Filter>
    </Text>
    <Text Include="config\Maps\Castle_map.txt">
      <Filter>config</Filter>
    </Text>
    <Text Include="config\castleUI.txt">
      <Filter>config</Filter>
    </Text>
    <Text Include="config\cityBackground.txt">
      <Filter>config</Filter>
    </Text>
    <Text Include="config\cityMap.txt">
      <Filter>config</Filter>
    </Text>
    <Text Include="config\config_manager.txt">
      <Filter>config</Filter>
    </Text>
    <Text Include="config\directions.txt">
      <Filter>config</Filter>
    </Text>
    <Text Include="config\Squads\crossbowmen.txt">
      <Filter>config</Filter>
    </Text>
    <Text Include="config\Squads\knights.txt">
      <Filter>config</Filter>
    </Text>
    <Text Include="config\health_manager.txt">
      <Filter>config</Filter>
    </Text>
    <Text Include="config\Maps\Map1.txt">
      <Filter>config</Filter>
    </Text>
    <Text Include="config\Maps\Map2.txt">
      <Filter>config</Filter>
    </Text>
    <Text Include="config\Maps\Map3.txt">
      <Filter>config</Filter>
    </Text>
    <Text Include="config\Maps\Map4.txt">
      <Filter>config</Filter>
    </Text>
    <Text Include="config\TitleScreens\NiTe_logo.txt">
      <Filter>config</Filter>
    </Text>
    <Text Include="config\menu.txt">
      <Filter>config</Filter>
    </Text>
    <Text Include="config\Buildings\shop.txt">
      <Filter>config</Filter>
    </Text>
    <Text Include="config\Squads\spearmen.txt">
      <Filter>config</Filter>
    </Text>
    <Text Include="config\SoundManager.txt">
      <Filter>config</Filter>
    </Text>
    <Text Include="config\Buildings\street.txt">
      <Filter>config</Filter>
    </Text>
    <Text Include="config\tile.txt">
      <Filter>config</Filter>
    </Text>
    <Text Include="config\Tiles\tileDesert.txt">
      <Filter>config</Filter>
    </Text>
    <Text Include="config\Tiles\tileForest.txt">
      <Filter>config</Filter>
    </Text>
    <Text Include="config\Tiles\tileGrass.txt">
      <Filter>config</Filter>
    </Text>
    <Text Include="config\Tiles\tileLava.txt">
      <Filter>config</Filter>
    </Text>
    <Text Include="config\tileMap.txt">
      <Filter>config</Filter>
    </Text>
    <Text Include="config\tileMapBuilding.txt">
      <Filter>config</Filter>
    </Text>
    <Text Include="config\Tiles\tileMountain.txt">
      <Filter>config</Filter>
    </Text>
    <Text Include="config\Tiles\tileStone.txt">
      <Filter>config</Filter>
    </Text>
    <Text Include="config\Tiles\tileVolcano.txt">
      <Filter>config</Filter>
    </Text>
    <Text Include="config\Tiles\tileWater.txt">
      <Filter>config</Filter>
    </Text>
    <Text Include="config\UI\UI.txt">
      <Filter>config</Filter>
    </Text>
    <Text Include="config\UI\UISelectable.txt">
      <Filter>config</Filter>
    </Text>
    <Text Include="config\UI\UISelectable_selected.txt">
      <Filter>config</Filter>
    </Text>
    <Text Include="config\world.txt">
      <Filter>config</Filter>
    </Text>
    <Text Include="config\Squads\warrior.txt">
      <Filter>config</Filter>
    </Text>
    <Text Include="config\worldMapPieces.txt">
      <Filter>config</Filter>
    </Text>
    <Text Include="config\worldMap.txt">
      <Filter>config</Filter>
    </Text>
    <Text Include="config\cityView.txt">
      <Filter>config</Filter>
    </Text>
    <Text Include="config\Buildings\castle.txt">
      <Filter>config</Filter>
    </Text>
    <Text Include="config\castle.txt">
      <Filter>config</Filter>
    </Text>
    <Text Include="data\all_squads.txt">
      <Filter>data</Filter>
    </Text>
    <Text Include="data\armyManager.txt">
      <Filter>data</Filter>
    </Text>
    <Text Include="config\battle_manager.txt">
      <Filter>data</Filter>
    </Text>
    <Text Include="config\Maps\buildingSave.txt">
      <Filter>data</Filter>
    </Text>
    <Text Include="data\buildingsSave.txt">
      <Filter>data</Filter>
    </Text>
    <Text Include="data\formation.txt">
      <Filter>data</Filter>
    </Text>
    <Text Include="config\Maps\CityView.txt">
      <Filter>data</Filter>
    </Text>
    <Text Include="config\PlayerStats\mainStats.txt">
      <Filter>data</Filter>
    </Text>
    <Text Include="data\squads\soldier data\soldier_data_0.txt">
      <Filter>data</Filter>
    </Text>
    <Text Include="data\squads\soldier data\soldier_data_1.txt">
      <Filter>data</Filter>
    </Text>
    <Text Include="data\squads\soldier data\soldier_data_2.txt">
      <Filter>data</Filter>
    </Text>
    <Text Include="data\squads\soldier data\soldier_data_3.txt">
      <Filter>data</Filter>
    </Text>
    <Text Include="data\squads\squad0.txt">
      <Filter>data</Filter>
    </Text>
    <Text Include="data\squads\squad1.txt">
      <Filter>data</Filter>
    </Text>
    <Text Include="data\squads\squad2.txt">
      <Filter>data</Filter>
    </Text>
    <Text Include="data\squads\squad3.txt">
      <Filter>data</Filter>
    </Text>
    <Text Include="data\squadCount.txt">
      <Filter>data</Filter>
    </Text>
    <Text Include="config\squads.txt">
      <Filter>data</Filter>
    </Text>
  </ItemGroup>
  <ItemGroup>
    <Filter Include="img">
      <UniqueIdentifier>{b481b357-ce0f-406b-9aed-846ecfbcc135}</UniqueIdentifier>
    </Filter>
    <Filter Include="config">
      <UniqueIdentifier>{1ec5ad79-9df5-41a9-9651-b4085d818e41}</UniqueIdentifier>
    </Filter>
    <Filter Include="include">
      <UniqueIdentifier>{40702430-0dc8-4e70-bb6f-769d51168bc8}</UniqueIdentifier>
    </Filter>
    <Filter Include="src">
      <UniqueIdentifier>{5528b897-636d-4e84-a402-f9a0cf9652fb}</UniqueIdentifier>
    </Filter>
    <Filter Include="data">
      <UniqueIdentifier>{554758c3-1e50-46d7-8364-7b271a5b1cfd}</UniqueIdentifier>
    </Filter>
    <Filter Include="include\Building">
      <UniqueIdentifier>{49072f06-d788-4512-86d8-a604ded15fe2}</UniqueIdentifier>
    </Filter>
    <Filter Include="include\Main">
      <UniqueIdentifier>{8ff01a4c-c709-4163-9882-468a2cd9037b}</UniqueIdentifier>
    </Filter>
    <Filter Include="include\UI">
      <UniqueIdentifier>{797cca76-d041-42cd-a743-8d80ff0f85f8}</UniqueIdentifier>
    </Filter>
    <Filter Include="src\Building">
      <UniqueIdentifier>{d5c4b6d3-5a46-48c9-a2fb-10cf2668da32}</UniqueIdentifier>
    </Filter>
    <Filter Include="src\Battle">
      <UniqueIdentifier>{6ef8ca51-db1d-48b6-9a2a-da5f439dd460}</UniqueIdentifier>
    </Filter>
    <Filter Include="include\Battle">
      <UniqueIdentifier>{bed9c5e3-960a-456e-9ace-68b5bfe8d815}</UniqueIdentifier>
    </Filter>
    <Filter Include="src\Main">
      <UniqueIdentifier>{e457c0a8-f35e-4e47-ac2c-90c7a2c595b1}</UniqueIdentifier>
    </Filter>
    <Filter Include="include\Map">
      <UniqueIdentifier>{abd2031f-fd43-4551-9c2c-d22a30ebe4b9}</UniqueIdentifier>
    </Filter>
    <Filter Include="src\Map">
      <UniqueIdentifier>{e9348588-916a-4493-a728-e36ad71d7958}</UniqueIdentifier>
    </Filter>
    <Filter Include="src\Menu">
      <UniqueIdentifier>{ff6bfd5e-e880-4d03-999d-25632dfee3d6}</UniqueIdentifier>
    </Filter>
  </ItemGroup>
  <ItemGroup>
    <ClCompile Include="src\City View\Archery.cpp">
      <Filter>src\Building</Filter>
    </ClCompile>
    <ClCompile Include="src\City View\ArmyCamp.cpp">
      <Filter>src\Building</Filter>
    </ClCompile>
    <ClCompile Include="src\City View\Bridge.cpp">
      <Filter>src\Building</Filter>
    </ClCompile>
    <ClCompile Include="src\City View\Building.cpp">
      <Filter>src\Building</Filter>
    </ClCompile>
    <ClCompile Include="src\City View\BuildingUI.cpp">
      <Filter>src\Building</Filter>
    </ClCompile>
    <ClCompile Include="src\City View\Buttons.cpp">
      <Filter>src\Building</Filter>
    </ClCompile>
    <ClCompile Include="src\City View\Castle.cpp">
      <Filter>src\Building</Filter>
    </ClCompile>
    <ClCompile Include="src\City View\castleUI.cpp">
      <Filter>src\Building</Filter>
    </ClCompile>
    <ClCompile Include="src\City View\Shop.cpp">
      <Filter>src\Building</Filter>
    </ClCompile>
    <ClCompile Include="src\City View\Street.cpp">
      <Filter>src\Building</Filter>
    </ClCompile>
    <ClCompile Include="src\City View\Tile.cpp">
      <Filter>src\Building</Filter>
    </ClCompile>
    <ClCompile Include="src\City View\Ui.cpp">
      <Filter>src\Building</Filter>
    </ClCompile>
    <ClCompile Include="src\City View\UISelectable.cpp">
      <Filter>src\Building</Filter>
    </ClCompile>
    <ClCompile Include="src\City View\WorldBuilding.cpp">
      <Filter>src\Building</Filter>
    </ClCompile>
    <ClCompile Include="src\Battle\ArmyManager.cpp">
      <Filter>src\Battle</Filter>
    </ClCompile>
    <ClCompile Include="src\Battle\Battle.cpp">
      <Filter>src\Battle</Filter>
    </ClCompile>
    <ClCompile Include="src\Battle\EnemyAI.cpp">
      <Filter>src\Battle</Filter>
    </ClCompile>
    <ClCompile Include="src\Battle\Healer.cpp">
      <Filter>src\Battle</Filter>
    </ClCompile>
    <ClCompile Include="src\Battle\HealthManager.cpp">
      <Filter>src\Battle</Filter>
    </ClCompile>
    <ClCompile Include="src\Battle\HookSquad.cpp">
      <Filter>src\Battle</Filter>
    </ClCompile>
    <ClCompile Include="src\Battle\SpearSquad.cpp">
      <Filter>src\Battle</Filter>
    </ClCompile>
    <ClCompile Include="src\Battle\Squad.cpp">
      <Filter>src\Battle</Filter>
    </ClCompile>
    <ClCompile Include="src\Battle\squad_manager.cpp">
      <Filter>src\Battle</Filter>
    </ClCompile>
    <ClCompile Include="src\Main\ConfigManager.cpp">
      <Filter>src\Main</Filter>
    </ClCompile>
    <ClCompile Include="src\Main\Engine.cpp">
      <Filter>src\Main</Filter>
    </ClCompile>
    <ClCompile Include="src\Main\FPSManager.cpp">
      <Filter>src\Main</Filter>
    </ClCompile>
    <ClCompile Include="src\Main\SoundManager.cpp">
      <Filter>src\Main</Filter>
    </ClCompile>
    <ClCompile Include="src\Main\World.cpp">
      <Filter>src\Main</Filter>
    </ClCompile>
    <ClCompile Include="src\Map\WorldMap.cpp">
      <Filter>src\Map</Filter>
    </ClCompile>
    <ClCompile Include="src\Menu\Menu.cpp">
      <Filter>src\Menu</Filter>
    </ClCompile>
    <ClCompile Include="src\PickAndBan.cpp">
      <Filter>src</Filter>
    </ClCompile>
    <ClCompile Include="src\PlayerStatsManager.cpp">
      <Filter>src</Filter>
    </ClCompile>
    <ClCompile Include="src\PopUpWriter.cpp">
      <Filter>src</Filter>
    </ClCompile>
    <ClCompile Include="src\TitleScreen.cpp">
      <Filter>src</Filter>
    </ClCompile>
    <ClCompile Include="main.cpp">
      <Filter>src</Filter>
    </ClCompile>
    <ClCompile Include="src\Map\City.cpp">
      <Filter>src\Map</Filter>
    </ClCompile>
    <ClCompile Include="src\City View\Barracks.cpp" />
  </ItemGroup>
</Project>